// !$*UTF8*$!
{
	archiveVersion = 1;
	classes = {
	};
	objectVersion = 48;
	objects = {

/* Begin PBXBuildFile section */
		230B5674B0EA3F73C15221B3 /* libPods-STTest.a in Frameworks */ = {isa = PBXBuildFile; fileRef = 5E2D9D41B2149C5C20BC2AC1 /* libPods-STTest.a */; };
		D8CDDB5C1FD67DCA00017064 /* LoginView.m in Sources */ = {isa = PBXBuildFile; fileRef = D8CDDB5B1FD67DCA00017064 /* LoginView.m */; };
		D8CDDB5F1FD68ACF00017064 /* LoginController.m in Sources */ = {isa = PBXBuildFile; fileRef = D8CDDB5E1FD68ACF00017064 /* LoginController.m */; };
		D8CDDB8F1FD68E8E00017064 /* STColor.m in Sources */ = {isa = PBXBuildFile; fileRef = D8CDDB641FD68E8D00017064 /* STColor.m */; };
		D8CDDB901FD68E8E00017064 /* STDate.m in Sources */ = {isa = PBXBuildFile; fileRef = D8CDDB661FD68E8D00017064 /* STDate.m */; };
		D8CDDB911FD68E8E00017064 /* STDictionary.m in Sources */ = {isa = PBXBuildFile; fileRef = D8CDDB681FD68E8D00017064 /* STDictionary.m */; };
		D8CDDB921FD68E8E00017064 /* STNumber.m in Sources */ = {isa = PBXBuildFile; fileRef = D8CDDB6A1FD68E8D00017064 /* STNumber.m */; };
		D8CDDB931FD68E8E00017064 /* STString.m in Sources */ = {isa = PBXBuildFile; fileRef = D8CDDB6C1FD68E8D00017064 /* STString.m */; };
		D8CDDB941FD68E8E00017064 /* STUserDefaults.m in Sources */ = {isa = PBXBuildFile; fileRef = D8CDDB6E1FD68E8D00017064 /* STUserDefaults.m */; };
		D8CDDB951FD68E8E00017064 /* STUITextView.m in Sources */ = {isa = PBXBuildFile; fileRef = D8CDDB721FD68E8D00017064 /* STUITextView.m */; };
		D8CDDB961FD68E8E00017064 /* STUIView.m in Sources */ = {isa = PBXBuildFile; fileRef = D8CDDB741FD68E8D00017064 /* STUIView.m */; };
		D8CDDB971FD68E8E00017064 /* STController.m in Sources */ = {isa = PBXBuildFile; fileRef = D8CDDB7A1FD68E8D00017064 /* STController.m */; };
		D8CDDB981FD68E8E00017064 /* STView.m in Sources */ = {isa = PBXBuildFile; fileRef = D8CDDB7C1FD68E8D00017064 /* STView.m */; };
		D8CDDB991FD68E8E00017064 /* STLayoutTracer.m in Sources */ = {isa = PBXBuildFile; fileRef = D8CDDB811FD68E8D00017064 /* STLayoutTracer.m */; };
		D8CDDB9A1FD68E8E00017064 /* STModel.m in Sources */ = {isa = PBXBuildFile; fileRef = D8CDDB831FD68E8D00017064 /* STModel.m */; };
		D8CDDB9B1FD68E8E00017064 /* STModelBase.m in Sources */ = {isa = PBXBuildFile; fileRef = D8CDDB851FD68E8D00017064 /* STModelBase.m */; };
		D8CDDB9C1FD68E8E00017064 /* STHttp.m in Sources */ = {isa = PBXBuildFile; fileRef = D8CDDB881FD68E8D00017064 /* STHttp.m */; };
		D8CDDB9D1FD68E8E00017064 /* STMessageBox.m in Sources */ = {isa = PBXBuildFile; fileRef = D8CDDB8A1FD68E8D00017064 /* STMessageBox.m */; };
		D8CDDB9E1FD68E8E00017064 /* TestController.m in Sources */ = {isa = PBXBuildFile; fileRef = D8CDDB8C1FD68E8D00017064 /* TestController.m */; };
		D8CDDB9F1FD68E8E00017064 /* TestView.m in Sources */ = {isa = PBXBuildFile; fileRef = D8CDDB8E1FD68E8D00017064 /* TestView.m */; };
		D8CDDBA21FD6975F00017064 /* StartController.m in Sources */ = {isa = PBXBuildFile; fileRef = D8CDDBA11FD6975F00017064 /* StartController.m */; };
		D8CDDBA51FD69B2000017064 /* StartView.m in Sources */ = {isa = PBXBuildFile; fileRef = D8CDDBA41FD69B2000017064 /* StartView.m */; };
		D8E2B9D21FD5399500CC1758 /* AppDelegate.m in Sources */ = {isa = PBXBuildFile; fileRef = D8E2B9D11FD5399500CC1758 /* AppDelegate.m */; };
		D8E2B9DA1FD5399500CC1758 /* Assets.xcassets in Resources */ = {isa = PBXBuildFile; fileRef = D8E2B9D91FD5399500CC1758 /* Assets.xcassets */; };
		D8E2B9DD1FD5399500CC1758 /* LaunchScreen.storyboard in Resources */ = {isa = PBXBuildFile; fileRef = D8E2B9DB1FD5399500CC1758 /* LaunchScreen.storyboard */; };
		D8E2B9E01FD5399500CC1758 /* main.m in Sources */ = {isa = PBXBuildFile; fileRef = D8E2B9DF1FD5399500CC1758 /* main.m */; };
/* End PBXBuildFile section */

/* Begin PBXFileReference section */
		5E2D9D41B2149C5C20BC2AC1 /* libPods-STTest.a */ = {isa = PBXFileReference; explicitFileType = archive.ar; includeInIndex = 0; path = "libPods-STTest.a"; sourceTree = BUILT_PRODUCTS_DIR; };
		AAF67F5422850E4F6EE011B0 /* Pods-STTest.debug.xcconfig */ = {isa = PBXFileReference; includeInIndex = 1; lastKnownFileType = text.xcconfig; name = "Pods-STTest.debug.xcconfig"; path = "Pods/Target Support Files/Pods-STTest/Pods-STTest.debug.xcconfig"; sourceTree = "<group>"; };
		D8CDDB5A1FD67DCA00017064 /* LoginView.h */ = {isa = PBXFileReference; lastKnownFileType = sourcecode.c.h; path = LoginView.h; sourceTree = "<group>"; };
		D8CDDB5B1FD67DCA00017064 /* LoginView.m */ = {isa = PBXFileReference; lastKnownFileType = sourcecode.c.objc; path = LoginView.m; sourceTree = "<group>"; };
		D8CDDB5D1FD68ACF00017064 /* LoginController.h */ = {isa = PBXFileReference; lastKnownFileType = sourcecode.c.h; path = LoginController.h; sourceTree = "<group>"; };
		D8CDDB5E1FD68ACF00017064 /* LoginController.m */ = {isa = PBXFileReference; lastKnownFileType = sourcecode.c.objc; path = LoginController.m; sourceTree = "<group>"; };
		D8CDDB631FD68E8D00017064 /* STColor.h */ = {isa = PBXFileReference; fileEncoding = 4; lastKnownFileType = sourcecode.c.h; path = STColor.h; sourceTree = "<group>"; };
		D8CDDB641FD68E8D00017064 /* STColor.m */ = {isa = PBXFileReference; fileEncoding = 4; lastKnownFileType = sourcecode.c.objc; path = STColor.m; sourceTree = "<group>"; };
		D8CDDB651FD68E8D00017064 /* STDate.h */ = {isa = PBXFileReference; fileEncoding = 4; lastKnownFileType = sourcecode.c.h; path = STDate.h; sourceTree = "<group>"; };
		D8CDDB661FD68E8D00017064 /* STDate.m */ = {isa = PBXFileReference; fileEncoding = 4; lastKnownFileType = sourcecode.c.objc; path = STDate.m; sourceTree = "<group>"; };
		D8CDDB671FD68E8D00017064 /* STDictionary.h */ = {isa = PBXFileReference; fileEncoding = 4; lastKnownFileType = sourcecode.c.h; path = STDictionary.h; sourceTree = "<group>"; };
		D8CDDB681FD68E8D00017064 /* STDictionary.m */ = {isa = PBXFileReference; fileEncoding = 4; lastKnownFileType = sourcecode.c.objc; path = STDictionary.m; sourceTree = "<group>"; };
		D8CDDB691FD68E8D00017064 /* STNumber.h */ = {isa = PBXFileReference; fileEncoding = 4; lastKnownFileType = sourcecode.c.h; path = STNumber.h; sourceTree = "<group>"; };
		D8CDDB6A1FD68E8D00017064 /* STNumber.m */ = {isa = PBXFileReference; fileEncoding = 4; lastKnownFileType = sourcecode.c.objc; path = STNumber.m; sourceTree = "<group>"; };
		D8CDDB6B1FD68E8D00017064 /* STString.h */ = {isa = PBXFileReference; fileEncoding = 4; lastKnownFileType = sourcecode.c.h; path = STString.h; sourceTree = "<group>"; };
		D8CDDB6C1FD68E8D00017064 /* STString.m */ = {isa = PBXFileReference; fileEncoding = 4; lastKnownFileType = sourcecode.c.objc; path = STString.m; sourceTree = "<group>"; };
		D8CDDB6D1FD68E8D00017064 /* STUserDefaults.h */ = {isa = PBXFileReference; fileEncoding = 4; lastKnownFileType = sourcecode.c.h; path = STUserDefaults.h; sourceTree = "<group>"; };
		D8CDDB6E1FD68E8D00017064 /* STUserDefaults.m */ = {isa = PBXFileReference; fileEncoding = 4; lastKnownFileType = sourcecode.c.objc; path = STUserDefaults.m; sourceTree = "<group>"; };
		D8CDDB6F1FD68E8D00017064 /* STCategory.h */ = {isa = PBXFileReference; fileEncoding = 4; lastKnownFileType = sourcecode.c.h; path = STCategory.h; sourceTree = "<group>"; };
		D8CDDB711FD68E8D00017064 /* STUITextView.h */ = {isa = PBXFileReference; fileEncoding = 4; lastKnownFileType = sourcecode.c.h; path = STUITextView.h; sourceTree = "<group>"; };
		D8CDDB721FD68E8D00017064 /* STUITextView.m */ = {isa = PBXFileReference; fileEncoding = 4; lastKnownFileType = sourcecode.c.objc; path = STUITextView.m; sourceTree = "<group>"; };
		D8CDDB731FD68E8D00017064 /* STUIView.h */ = {isa = PBXFileReference; fileEncoding = 4; lastKnownFileType = sourcecode.c.h; path = STUIView.h; sourceTree = "<group>"; };
		D8CDDB741FD68E8D00017064 /* STUIView.m */ = {isa = PBXFileReference; fileEncoding = 4; lastKnownFileType = sourcecode.c.objc; path = STUIView.m; sourceTree = "<group>"; };
		D8CDDB761FD68E8D00017064 /* STDefine.h */ = {isa = PBXFileReference; fileEncoding = 4; lastKnownFileType = sourcecode.c.h; path = STDefine.h; sourceTree = "<group>"; };
		D8CDDB771FD68E8D00017064 /* STDefineUI.h */ = {isa = PBXFileReference; fileEncoding = 4; lastKnownFileType = sourcecode.c.h; path = STDefineUI.h; sourceTree = "<group>"; };
		D8CDDB791FD68E8D00017064 /* STController.h */ = {isa = PBXFileReference; fileEncoding = 4; lastKnownFileType = sourcecode.c.h; path = STController.h; sourceTree = "<group>"; };
		D8CDDB7A1FD68E8D00017064 /* STController.m */ = {isa = PBXFileReference; fileEncoding = 4; lastKnownFileType = sourcecode.c.objc; path = STController.m; sourceTree = "<group>"; };
		D8CDDB7B1FD68E8D00017064 /* STView.h */ = {isa = PBXFileReference; fileEncoding = 4; lastKnownFileType = sourcecode.c.h; path = STView.h; sourceTree = "<group>"; };
		D8CDDB7C1FD68E8D00017064 /* STView.m */ = {isa = PBXFileReference; fileEncoding = 4; lastKnownFileType = sourcecode.c.objc; path = STView.m; sourceTree = "<group>"; };
		D8CDDB7D1FD68E8D00017064 /* STFramework.h */ = {isa = PBXFileReference; fileEncoding = 4; lastKnownFileType = sourcecode.c.h; path = STFramework.h; sourceTree = "<group>"; };
		D8CDDB7F1FD68E8D00017064 /* STEnum.h */ = {isa = PBXFileReference; fileEncoding = 4; lastKnownFileType = sourcecode.c.h; path = STEnum.h; sourceTree = "<group>"; };
		D8CDDB801FD68E8D00017064 /* STLayoutTracer.h */ = {isa = PBXFileReference; fileEncoding = 4; lastKnownFileType = sourcecode.c.h; path = STLayoutTracer.h; sourceTree = "<group>"; };
		D8CDDB811FD68E8D00017064 /* STLayoutTracer.m */ = {isa = PBXFileReference; fileEncoding = 4; lastKnownFileType = sourcecode.c.objc; path = STLayoutTracer.m; sourceTree = "<group>"; };
		D8CDDB821FD68E8D00017064 /* STModel.h */ = {isa = PBXFileReference; fileEncoding = 4; lastKnownFileType = sourcecode.c.h; path = STModel.h; sourceTree = "<group>"; };
		D8CDDB831FD68E8D00017064 /* STModel.m */ = {isa = PBXFileReference; fileEncoding = 4; lastKnownFileType = sourcecode.c.objc; path = STModel.m; sourceTree = "<group>"; };
		D8CDDB841FD68E8D00017064 /* STModelBase.h */ = {isa = PBXFileReference; fileEncoding = 4; lastKnownFileType = sourcecode.c.h; path = STModelBase.h; sourceTree = "<group>"; };
		D8CDDB851FD68E8D00017064 /* STModelBase.m */ = {isa = PBXFileReference; fileEncoding = 4; lastKnownFileType = sourcecode.c.objc; path = STModelBase.m; sourceTree = "<group>"; };
		D8CDDB871FD68E8D00017064 /* STHttp.h */ = {isa = PBXFileReference; fileEncoding = 4; lastKnownFileType = sourcecode.c.h; path = STHttp.h; sourceTree = "<group>"; };
		D8CDDB881FD68E8D00017064 /* STHttp.m */ = {isa = PBXFileReference; fileEncoding = 4; lastKnownFileType = sourcecode.c.objc; path = STHttp.m; sourceTree = "<group>"; };
		D8CDDB891FD68E8D00017064 /* STMessageBox.h */ = {isa = PBXFileReference; fileEncoding = 4; lastKnownFileType = sourcecode.c.h; path = STMessageBox.h; sourceTree = "<group>"; };
		D8CDDB8A1FD68E8D00017064 /* STMessageBox.m */ = {isa = PBXFileReference; fileEncoding = 4; lastKnownFileType = sourcecode.c.objc; path = STMessageBox.m; sourceTree = "<group>"; };
		D8CDDB8B1FD68E8D00017064 /* TestController.h */ = {isa = PBXFileReference; fileEncoding = 4; lastKnownFileType = sourcecode.c.h; path = TestController.h; sourceTree = "<group>"; };
		D8CDDB8C1FD68E8D00017064 /* TestController.m */ = {isa = PBXFileReference; fileEncoding = 4; lastKnownFileType = sourcecode.c.objc; path = TestController.m; sourceTree = "<group>"; };
		D8CDDB8D1FD68E8D00017064 /* TestView.h */ = {isa = PBXFileReference; fileEncoding = 4; lastKnownFileType = sourcecode.c.h; path = TestView.h; sourceTree = "<group>"; };
		D8CDDB8E1FD68E8D00017064 /* TestView.m */ = {isa = PBXFileReference; fileEncoding = 4; lastKnownFileType = sourcecode.c.objc; path = TestView.m; sourceTree = "<group>"; };
		D8CDDBA01FD6975F00017064 /* StartController.h */ = {isa = PBXFileReference; lastKnownFileType = sourcecode.c.h; path = StartController.h; sourceTree = "<group>"; };
		D8CDDBA11FD6975F00017064 /* StartController.m */ = {isa = PBXFileReference; lastKnownFileType = sourcecode.c.objc; path = StartController.m; sourceTree = "<group>"; };
		D8CDDBA31FD69B2000017064 /* StartView.h */ = {isa = PBXFileReference; lastKnownFileType = sourcecode.c.h; path = StartView.h; sourceTree = "<group>"; };
		D8CDDBA41FD69B2000017064 /* StartView.m */ = {isa = PBXFileReference; lastKnownFileType = sourcecode.c.objc; path = StartView.m; sourceTree = "<group>"; };
		D8E2B9CD1FD5399500CC1758 /* STTest.app */ = {isa = PBXFileReference; explicitFileType = wrapper.application; includeInIndex = 0; path = STTest.app; sourceTree = BUILT_PRODUCTS_DIR; };
		D8E2B9D01FD5399500CC1758 /* AppDelegate.h */ = {isa = PBXFileReference; lastKnownFileType = sourcecode.c.h; path = AppDelegate.h; sourceTree = "<group>"; };
		D8E2B9D11FD5399500CC1758 /* AppDelegate.m */ = {isa = PBXFileReference; lastKnownFileType = sourcecode.c.objc; path = AppDelegate.m; sourceTree = "<group>"; };
		D8E2B9D91FD5399500CC1758 /* Assets.xcassets */ = {isa = PBXFileReference; lastKnownFileType = folder.assetcatalog; path = Assets.xcassets; sourceTree = "<group>"; };
		D8E2B9DC1FD5399500CC1758 /* Base */ = {isa = PBXFileReference; lastKnownFileType = file.storyboard; name = Base; path = Base.lproj/LaunchScreen.storyboard; sourceTree = "<group>"; };
		D8E2B9DE1FD5399500CC1758 /* Info.plist */ = {isa = PBXFileReference; lastKnownFileType = text.plist.xml; path = Info.plist; sourceTree = "<group>"; };
		D8E2B9DF1FD5399500CC1758 /* main.m */ = {isa = PBXFileReference; lastKnownFileType = sourcecode.c.objc; path = main.m; sourceTree = "<group>"; };
		D8E2BA241FD5431000CC1758 /* STPrefix.pch */ = {isa = PBXFileReference; lastKnownFileType = sourcecode.c.h; path = STPrefix.pch; sourceTree = "<group>"; };
		D96E14348AC12FFF299BBF39 /* Pods-STTest.release.xcconfig */ = {isa = PBXFileReference; includeInIndex = 1; lastKnownFileType = text.xcconfig; name = "Pods-STTest.release.xcconfig"; path = "Pods/Target Support Files/Pods-STTest/Pods-STTest.release.xcconfig"; sourceTree = "<group>"; };
/* End PBXFileReference section */

/* Begin PBXFrameworksBuildPhase section */
		D8E2B9CA1FD5399500CC1758 /* Frameworks */ = {
			isa = PBXFrameworksBuildPhase;
			buildActionMask = 2147483647;
			files = (
				230B5674B0EA3F73C15221B3 /* libPods-STTest.a in Frameworks */,
			);
			runOnlyForDeploymentPostprocessing = 0;
		};
/* End PBXFrameworksBuildPhase section */

/* Begin PBXGroup section */
		A558882700724F9DE3FB83F8 /* Frameworks */ = {
			isa = PBXGroup;
			children = (
				5E2D9D41B2149C5C20BC2AC1 /* libPods-STTest.a */,
			);
			name = Frameworks;
			sourceTree = "<group>";
		};
		D80625911FD6413E009727D3 /* Start */ = {
			isa = PBXGroup;
			children = (
				D8CDDB4F1FD6432C00017064 /* Controller */,
				D8CDDB501FD6432C00017064 /* UI */,
			);
			path = Start;
			sourceTree = "<group>";
		};
		D80625921FD6414F009727D3 /* Other */ = {
			isa = PBXGroup;
			children = (
				D8E2B9D01FD5399500CC1758 /* AppDelegate.h */,
				D8E2B9D11FD5399500CC1758 /* AppDelegate.m */,
				D8E2B9D91FD5399500CC1758 /* Assets.xcassets */,
				D8E2B9DB1FD5399500CC1758 /* LaunchScreen.storyboard */,
				D8E2B9DE1FD5399500CC1758 /* Info.plist */,
				D8E2B9DF1FD5399500CC1758 /* main.m */,
				D8E2BA241FD5431000CC1758 /* STPrefix.pch */,
			);
			path = Other;
			sourceTree = "<group>";
		};
		D8CDDB4F1FD6432C00017064 /* Controller */ = {
			isa = PBXGroup;
			children = (
				D8CDDBA01FD6975F00017064 /* StartController.h */,
				D8CDDBA11FD6975F00017064 /* StartController.m */,
			);
			path = Controller;
			sourceTree = "<group>";
		};
		D8CDDB501FD6432C00017064 /* UI */ = {
			isa = PBXGroup;
			children = (
				D8CDDBA31FD69B2000017064 /* StartView.h */,
				D8CDDBA41FD69B2000017064 /* StartView.m */,
			);
			path = UI;
			sourceTree = "<group>";
		};
		D8CDDB571FD67DB700017064 /* Login */ = {
			isa = PBXGroup;
			children = (
				D8CDDB581FD67DB700017064 /* Controller */,
				D8CDDB591FD67DB700017064 /* UI */,
			);
			path = Login;
			sourceTree = "<group>";
		};
		D8CDDB581FD67DB700017064 /* Controller */ = {
			isa = PBXGroup;
			children = (
				D8CDDB5D1FD68ACF00017064 /* LoginController.h */,
				D8CDDB5E1FD68ACF00017064 /* LoginController.m */,
			);
			path = Controller;
			sourceTree = "<group>";
		};
		D8CDDB591FD67DB700017064 /* UI */ = {
			isa = PBXGroup;
			children = (
				D8CDDB5A1FD67DCA00017064 /* LoginView.h */,
				D8CDDB5B1FD67DCA00017064 /* LoginView.m */,
			);
			path = UI;
			sourceTree = "<group>";
		};
		D8CDDB601FD68E8D00017064 /* STFramework */ = {
			isa = PBXGroup;
			children = (
				D8CDDB611FD68E8D00017064 /* Category */,
				D8CDDB751FD68E8D00017064 /* Define */,
				D8CDDB781FD68E8D00017064 /* STBase */,
				D8CDDB7D1FD68E8D00017064 /* STFramework.h */,
				D8CDDB7E1FD68E8D00017064 /* STModel */,
				D8CDDB861FD68E8D00017064 /* STTool */,
				D8CDDB8B1FD68E8D00017064 /* TestController.h */,
				D8CDDB8C1FD68E8D00017064 /* TestController.m */,
				D8CDDB8D1FD68E8D00017064 /* TestView.h */,
				D8CDDB8E1FD68E8D00017064 /* TestView.m */,
			);
			path = STFramework;
			sourceTree = "<group>";
		};
		D8CDDB611FD68E8D00017064 /* Category */ = {
			isa = PBXGroup;
			children = (
				D8CDDB621FD68E8D00017064 /* Object */,
				D8CDDB6F1FD68E8D00017064 /* STCategory.h */,
				D8CDDB701FD68E8D00017064 /* UI */,
			);
			path = Category;
			sourceTree = "<group>";
		};
		D8CDDB621FD68E8D00017064 /* Object */ = {
			isa = PBXGroup;
			children = (
				D8CDDB631FD68E8D00017064 /* STColor.h */,
				D8CDDB641FD68E8D00017064 /* STColor.m */,
				D8CDDB651FD68E8D00017064 /* STDate.h */,
				D8CDDB661FD68E8D00017064 /* STDate.m */,
				D8CDDB671FD68E8D00017064 /* STDictionary.h */,
				D8CDDB681FD68E8D00017064 /* STDictionary.m */,
				D8CDDB691FD68E8D00017064 /* STNumber.h */,
				D8CDDB6A1FD68E8D00017064 /* STNumber.m */,
				D8CDDB6B1FD68E8D00017064 /* STString.h */,
				D8CDDB6C1FD68E8D00017064 /* STString.m */,
				D8CDDB6D1FD68E8D00017064 /* STUserDefaults.h */,
				D8CDDB6E1FD68E8D00017064 /* STUserDefaults.m */,
			);
			path = Object;
			sourceTree = "<group>";
		};
		D8CDDB701FD68E8D00017064 /* UI */ = {
			isa = PBXGroup;
			children = (
				D8CDDB711FD68E8D00017064 /* STUITextView.h */,
				D8CDDB721FD68E8D00017064 /* STUITextView.m */,
				D8CDDB731FD68E8D00017064 /* STUIView.h */,
				D8CDDB741FD68E8D00017064 /* STUIView.m */,
			);
			path = UI;
			sourceTree = "<group>";
		};
		D8CDDB751FD68E8D00017064 /* Define */ = {
			isa = PBXGroup;
			children = (
				D8CDDB761FD68E8D00017064 /* STDefine.h */,
				D8CDDB771FD68E8D00017064 /* STDefineUI.h */,
			);
			path = Define;
			sourceTree = "<group>";
		};
		D8CDDB781FD68E8D00017064 /* STBase */ = {
			isa = PBXGroup;
			children = (
				D8CDDB791FD68E8D00017064 /* STController.h */,
				D8CDDB7A1FD68E8D00017064 /* STController.m */,
				D8CDDB7B1FD68E8D00017064 /* STView.h */,
				D8CDDB7C1FD68E8D00017064 /* STView.m */,
			);
			path = STBase;
			sourceTree = "<group>";
		};
		D8CDDB7E1FD68E8D00017064 /* STModel */ = {
			isa = PBXGroup;
			children = (
				D8CDDB7F1FD68E8D00017064 /* STEnum.h */,
				D8CDDB801FD68E8D00017064 /* STLayoutTracer.h */,
				D8CDDB811FD68E8D00017064 /* STLayoutTracer.m */,
				D8CDDB821FD68E8D00017064 /* STModel.h */,
				D8CDDB831FD68E8D00017064 /* STModel.m */,
				D8CDDB841FD68E8D00017064 /* STModelBase.h */,
				D8CDDB851FD68E8D00017064 /* STModelBase.m */,
			);
			path = STModel;
			sourceTree = "<group>";
		};
		D8CDDB861FD68E8D00017064 /* STTool */ = {
			isa = PBXGroup;
			children = (
				D8CDDB871FD68E8D00017064 /* STHttp.h */,
				D8CDDB881FD68E8D00017064 /* STHttp.m */,
				D8CDDB891FD68E8D00017064 /* STMessageBox.h */,
				D8CDDB8A1FD68E8D00017064 /* STMessageBox.m */,
			);
			path = STTool;
			sourceTree = "<group>";
		};
		D8E2B9C41FD5399400CC1758 = {
			isa = PBXGroup;
			children = (
				D8CDDB601FD68E8D00017064 /* STFramework */,
				D8E2B9CF1FD5399500CC1758 /* STTest */,
				D8E2B9CE1FD5399500CC1758 /* Products */,
				E7CC6270D2AC42357330FC5E /* Pods */,
				A558882700724F9DE3FB83F8 /* Frameworks */,
			);
			sourceTree = "<group>";
		};
		D8E2B9CE1FD5399500CC1758 /* Products */ = {
			isa = PBXGroup;
			children = (
				D8E2B9CD1FD5399500CC1758 /* STTest.app */,
			);
			name = Products;
			sourceTree = "<group>";
		};
		D8E2B9CF1FD5399500CC1758 /* STTest */ = {
			isa = PBXGroup;
			children = (
				D8CDDB571FD67DB700017064 /* Login */,
				D80625911FD6413E009727D3 /* Start */,
				D80625921FD6414F009727D3 /* Other */,
			);
			path = STTest;
			sourceTree = "<group>";
		};
		E7CC6270D2AC42357330FC5E /* Pods */ = {
			isa = PBXGroup;
			children = (
				AAF67F5422850E4F6EE011B0 /* Pods-STTest.debug.xcconfig */,
				D96E14348AC12FFF299BBF39 /* Pods-STTest.release.xcconfig */,
			);
			name = Pods;
			sourceTree = "<group>";
		};
/* End PBXGroup section */

/* Begin PBXNativeTarget section */
		D8E2B9CC1FD5399500CC1758 /* STTest */ = {
			isa = PBXNativeTarget;
			buildConfigurationList = D8E2B9E31FD5399500CC1758 /* Build configuration list for PBXNativeTarget "STTest" */;
			buildPhases = (
				7B1276DFA855C248D50E8EEB /* [CP] Check Pods Manifest.lock */,
				D8E2B9C91FD5399500CC1758 /* Sources */,
				D8E2B9CA1FD5399500CC1758 /* Frameworks */,
				D8E2B9CB1FD5399500CC1758 /* Resources */,
				269D1B1C572E1E9598A3610C /* [CP] Embed Pods Frameworks */,
				5F6C6CDC5A2B3335A540F743 /* [CP] Copy Pods Resources */,
			);
			buildRules = (
			);
			dependencies = (
			);
			name = STTest;
			productName = STTest;
			productReference = D8E2B9CD1FD5399500CC1758 /* STTest.app */;
			productType = "com.apple.product-type.application";
		};
/* End PBXNativeTarget section */

/* Begin PBXProject section */
		D8E2B9C51FD5399400CC1758 /* Project object */ = {
			isa = PBXProject;
			attributes = {
				LastUpgradeCheck = 0900;
				ORGANIZATIONNAME = "Leslie Cheung";
				TargetAttributes = {
					D8E2B9CC1FD5399500CC1758 = {
						CreatedOnToolsVersion = 9.0.1;
						ProvisioningStyle = Automatic;
					};
				};
			};
			buildConfigurationList = D8E2B9C81FD5399500CC1758 /* Build configuration list for PBXProject "STTest" */;
			compatibilityVersion = "Xcode 8.0";
			developmentRegion = en;
			hasScannedForEncodings = 0;
			knownRegions = (
				en,
				Base,
			);
			mainGroup = D8E2B9C41FD5399400CC1758;
			productRefGroup = D8E2B9CE1FD5399500CC1758 /* Products */;
			projectDirPath = "";
			projectRoot = "";
			targets = (
				D8E2B9CC1FD5399500CC1758 /* STTest */,
			);
		};
/* End PBXProject section */

/* Begin PBXResourcesBuildPhase section */
		D8E2B9CB1FD5399500CC1758 /* Resources */ = {
			isa = PBXResourcesBuildPhase;
			buildActionMask = 2147483647;
			files = (
				D8E2B9DD1FD5399500CC1758 /* LaunchScreen.storyboard in Resources */,
				D8E2B9DA1FD5399500CC1758 /* Assets.xcassets in Resources */,
			);
			runOnlyForDeploymentPostprocessing = 0;
		};
/* End PBXResourcesBuildPhase section */

/* Begin PBXShellScriptBuildPhase section */
		269D1B1C572E1E9598A3610C /* [CP] Embed Pods Frameworks */ = {
			isa = PBXShellScriptBuildPhase;
			buildActionMask = 2147483647;
			files = (
			);
			inputPaths = (
			);
			name = "[CP] Embed Pods Frameworks";
			outputPaths = (
			);
			runOnlyForDeploymentPostprocessing = 0;
			shellPath = /bin/sh;
			shellScript = "\"${SRCROOT}/Pods/Target Support Files/Pods-STTest/Pods-STTest-frameworks.sh\"\n";
			showEnvVarsInLog = 0;
		};
		5F6C6CDC5A2B3335A540F743 /* [CP] Copy Pods Resources */ = {
			isa = PBXShellScriptBuildPhase;
			buildActionMask = 2147483647;
			files = (
			);
			inputPaths = (
			);
			name = "[CP] Copy Pods Resources";
			outputPaths = (
			);
			runOnlyForDeploymentPostprocessing = 0;
			shellPath = /bin/sh;
			shellScript = "\"${SRCROOT}/Pods/Target Support Files/Pods-STTest/Pods-STTest-resources.sh\"\n";
			showEnvVarsInLog = 0;
		};
		7B1276DFA855C248D50E8EEB /* [CP] Check Pods Manifest.lock */ = {
			isa = PBXShellScriptBuildPhase;
			buildActionMask = 2147483647;
			files = (
			);
			inputPaths = (
			);
			name = "[CP] Check Pods Manifest.lock";
			outputPaths = (
			);
			runOnlyForDeploymentPostprocessing = 0;
			shellPath = /bin/sh;
			shellScript = "diff \"${PODS_PODFILE_DIR_PATH}/Podfile.lock\" \"${PODS_ROOT}/Manifest.lock\" > /dev/null\nif [ $? != 0 ] ; then\n    # print error to STDERR\n    echo \"error: The sandbox is not in sync with the Podfile.lock. Run 'pod install' or update your CocoaPods installation.\" >&2\n    exit 1\nfi\n";
			showEnvVarsInLog = 0;
		};
/* End PBXShellScriptBuildPhase section */

/* Begin PBXSourcesBuildPhase section */
		D8E2B9C91FD5399500CC1758 /* Sources */ = {
			isa = PBXSourcesBuildPhase;
			buildActionMask = 2147483647;
			files = (
				D8CDDB901FD68E8E00017064 /* STDate.m in Sources */,
				D8CDDB971FD68E8E00017064 /* STController.m in Sources */,
				D8CDDB5C1FD67DCA00017064 /* LoginView.m in Sources */,
				D8CDDB931FD68E8E00017064 /* STString.m in Sources */,
				D8CDDB981FD68E8E00017064 /* STView.m in Sources */,
				D8CDDB9A1FD68E8E00017064 /* STModel.m in Sources */,
				D8CDDBA51FD69B2000017064 /* StartView.m in Sources */,
				D8CDDB941FD68E8E00017064 /* STUserDefaults.m in Sources */,
				D8CDDB9E1FD68E8E00017064 /* TestController.m in Sources */,
				D8E2B9E01FD5399500CC1758 /* main.m in Sources */,
				D8CDDBA21FD6975F00017064 /* StartController.m in Sources */,
				D8CDDB9B1FD68E8E00017064 /* STModelBase.m in Sources */,
				D8CDDB5F1FD68ACF00017064 /* LoginController.m in Sources */,
				D8E2B9D21FD5399500CC1758 /* AppDelegate.m in Sources */,
				D8CDDB921FD68E8E00017064 /* STNumber.m in Sources */,
				D8CDDB991FD68E8E00017064 /* STLayoutTracer.m in Sources */,
				D8CDDB951FD68E8E00017064 /* STUITextView.m in Sources */,
				D8CDDB911FD68E8E00017064 /* STDictionary.m in Sources */,
				D8CDDB8F1FD68E8E00017064 /* STColor.m in Sources */,
				D8CDDB9C1FD68E8E00017064 /* STHttp.m in Sources */,
				D8CDDB9D1FD68E8E00017064 /* STMessageBox.m in Sources */,
				D8CDDB9F1FD68E8E00017064 /* TestView.m in Sources */,
				D8CDDB961FD68E8E00017064 /* STUIView.m in Sources */,
			);
			runOnlyForDeploymentPostprocessing = 0;
		};
/* End PBXSourcesBuildPhase section */

/* Begin PBXVariantGroup section */
		D8E2B9DB1FD5399500CC1758 /* LaunchScreen.storyboard */ = {
			isa = PBXVariantGroup;
			children = (
				D8E2B9DC1FD5399500CC1758 /* Base */,
			);
			name = LaunchScreen.storyboard;
			sourceTree = "<group>";
		};
/* End PBXVariantGroup section */

/* Begin XCBuildConfiguration section */
		D8E2B9E11FD5399500CC1758 /* Debug */ = {
			isa = XCBuildConfiguration;
			buildSettings = {
				ALWAYS_SEARCH_USER_PATHS = NO;
				CLANG_ANALYZER_NONNULL = YES;
				CLANG_ANALYZER_NUMBER_OBJECT_CONVERSION = YES_AGGRESSIVE;
				CLANG_CXX_LANGUAGE_STANDARD = "gnu++14";
				CLANG_CXX_LIBRARY = "libc++";
				CLANG_ENABLE_MODULES = YES;
				CLANG_ENABLE_OBJC_ARC = YES;
				CLANG_WARN_BLOCK_CAPTURE_AUTORELEASING = YES;
				CLANG_WARN_BOOL_CONVERSION = YES;
				CLANG_WARN_COMMA = YES;
				CLANG_WARN_CONSTANT_CONVERSION = YES;
				CLANG_WARN_DIRECT_OBJC_ISA_USAGE = YES_ERROR;
				CLANG_WARN_DOCUMENTATION_COMMENTS = YES;
				CLANG_WARN_EMPTY_BODY = YES;
				CLANG_WARN_ENUM_CONVERSION = YES;
				CLANG_WARN_INFINITE_RECURSION = YES;
				CLANG_WARN_INT_CONVERSION = YES;
				CLANG_WARN_NON_LITERAL_NULL_CONVERSION = YES;
				CLANG_WARN_OBJC_LITERAL_CONVERSION = YES;
				CLANG_WARN_OBJC_ROOT_CLASS = YES_ERROR;
				CLANG_WARN_RANGE_LOOP_ANALYSIS = YES;
				CLANG_WARN_STRICT_PROTOTYPES = YES;
				CLANG_WARN_SUSPICIOUS_MOVE = YES;
				CLANG_WARN_UNGUARDED_AVAILABILITY = YES_AGGRESSIVE;
				CLANG_WARN_UNREACHABLE_CODE = YES;
				CLANG_WARN__DUPLICATE_METHOD_MATCH = YES;
				CODE_SIGN_IDENTITY = "iPhone Developer";
				COPY_PHASE_STRIP = NO;
				DEBUG_INFORMATION_FORMAT = dwarf;
				ENABLE_STRICT_OBJC_MSGSEND = YES;
				ENABLE_TESTABILITY = YES;
				GCC_C_LANGUAGE_STANDARD = gnu11;
				GCC_DYNAMIC_NO_PIC = NO;
				GCC_NO_COMMON_BLOCKS = YES;
				GCC_OPTIMIZATION_LEVEL = 0;
				GCC_PREPROCESSOR_DEFINITIONS = (
					"DEBUG=1",
					"$(inherited)",
				);
				GCC_WARN_64_TO_32_BIT_CONVERSION = YES;
				GCC_WARN_ABOUT_RETURN_TYPE = YES_ERROR;
				GCC_WARN_UNDECLARED_SELECTOR = YES;
				GCC_WARN_UNINITIALIZED_AUTOS = YES_AGGRESSIVE;
				GCC_WARN_UNUSED_FUNCTION = YES;
				GCC_WARN_UNUSED_VARIABLE = YES;
				IPHONEOS_DEPLOYMENT_TARGET = 11.0;
				MTL_ENABLE_DEBUG_INFO = YES;
				NEW_SETTING = "";
				ONLY_ACTIVE_ARCH = YES;
				SDKROOT = iphoneos;
			};
			name = Debug;
		};
		D8E2B9E21FD5399500CC1758 /* Release */ = {
			isa = XCBuildConfiguration;
			buildSettings = {
				ALWAYS_SEARCH_USER_PATHS = NO;
				CLANG_ANALYZER_NONNULL = YES;
				CLANG_ANALYZER_NUMBER_OBJECT_CONVERSION = YES_AGGRESSIVE;
				CLANG_CXX_LANGUAGE_STANDARD = "gnu++14";
				CLANG_CXX_LIBRARY = "libc++";
				CLANG_ENABLE_MODULES = YES;
				CLANG_ENABLE_OBJC_ARC = YES;
				CLANG_WARN_BLOCK_CAPTURE_AUTORELEASING = YES;
				CLANG_WARN_BOOL_CONVERSION = YES;
				CLANG_WARN_COMMA = YES;
				CLANG_WARN_CONSTANT_CONVERSION = YES;
				CLANG_WARN_DIRECT_OBJC_ISA_USAGE = YES_ERROR;
				CLANG_WARN_DOCUMENTATION_COMMENTS = YES;
				CLANG_WARN_EMPTY_BODY = YES;
				CLANG_WARN_ENUM_CONVERSION = YES;
				CLANG_WARN_INFINITE_RECURSION = YES;
				CLANG_WARN_INT_CONVERSION = YES;
				CLANG_WARN_NON_LITERAL_NULL_CONVERSION = YES;
				CLANG_WARN_OBJC_LITERAL_CONVERSION = YES;
				CLANG_WARN_OBJC_ROOT_CLASS = YES_ERROR;
				CLANG_WARN_RANGE_LOOP_ANALYSIS = YES;
				CLANG_WARN_STRICT_PROTOTYPES = YES;
				CLANG_WARN_SUSPICIOUS_MOVE = YES;
				CLANG_WARN_UNGUARDED_AVAILABILITY = YES_AGGRESSIVE;
				CLANG_WARN_UNREACHABLE_CODE = YES;
				CLANG_WARN__DUPLICATE_METHOD_MATCH = YES;
				CODE_SIGN_IDENTITY = "iPhone Developer";
				COPY_PHASE_STRIP = NO;
				DEBUG_INFORMATION_FORMAT = "dwarf-with-dsym";
				ENABLE_NS_ASSERTIONS = NO;
				ENABLE_STRICT_OBJC_MSGSEND = YES;
				GCC_C_LANGUAGE_STANDARD = gnu11;
				GCC_NO_COMMON_BLOCKS = YES;
				GCC_WARN_64_TO_32_BIT_CONVERSION = YES;
				GCC_WARN_ABOUT_RETURN_TYPE = YES_ERROR;
				GCC_WARN_UNDECLARED_SELECTOR = YES;
				GCC_WARN_UNINITIALIZED_AUTOS = YES_AGGRESSIVE;
				GCC_WARN_UNUSED_FUNCTION = YES;
				GCC_WARN_UNUSED_VARIABLE = YES;
				IPHONEOS_DEPLOYMENT_TARGET = 11.0;
				MTL_ENABLE_DEBUG_INFO = NO;
				NEW_SETTING = "";
				SDKROOT = iphoneos;
				VALIDATE_PRODUCT = YES;
			};
			name = Release;
		};
		D8E2B9E41FD5399500CC1758 /* Debug */ = {
			isa = XCBuildConfiguration;
			baseConfigurationReference = AAF67F5422850E4F6EE011B0 /* Pods-STTest.debug.xcconfig */;
			buildSettings = {
				ASSETCATALOG_COMPILER_APPICON_NAME = AppIcon;
				CODE_SIGN_STYLE = Automatic;
				DEVELOPMENT_TEAM = NDT5XHDFK8;
				GCC_C_LANGUAGE_STANDARD = gnu11;
				GCC_INCREASE_PRECOMPILED_HEADER_SHARING = NO;
				GCC_PRECOMPILE_PREFIX_HEADER = YES;
				GCC_PREFIX_HEADER = /Users/zhangjunpeng/Documents/OC/STTest/STTest/Other/STPrefix.pch;
				INFOPLIST_FILE = /Users/zhangjunpeng/Documents/OC/STTest/STTest/Other/Info.plist;
				LD_RUNPATH_SEARCH_PATHS = "$(inherited) @executable_path/Frameworks";
				NEW_SETTING1 = "";
				PRODUCT_BUNDLE_IDENTIFIER = com.leslie.STTest;
				PRODUCT_NAME = "$(TARGET_NAME)";
				TARGETED_DEVICE_FAMILY = "1,2";
			};
			name = Debug;
		};
		D8E2B9E51FD5399500CC1758 /* Release */ = {
			isa = XCBuildConfiguration;
			baseConfigurationReference = D96E14348AC12FFF299BBF39 /* Pods-STTest.release.xcconfig */;
			buildSettings = {
				ASSETCATALOG_COMPILER_APPICON_NAME = AppIcon;
				CODE_SIGN_STYLE = Automatic;
				DEVELOPMENT_TEAM = NDT5XHDFK8;
				GCC_C_LANGUAGE_STANDARD = gnu11;
				GCC_INCREASE_PRECOMPILED_HEADER_SHARING = NO;
				GCC_PRECOMPILE_PREFIX_HEADER = YES;
				GCC_PREFIX_HEADER = /Users/zhangjunpeng/Documents/OC/STTest/STTest/Other/STPrefix.pch;
				INFOPLIST_FILE = /Users/zhangjunpeng/Documents/OC/STTest/STTest/Other/Info.plist;
				LD_RUNPATH_SEARCH_PATHS = "$(inherited) @executable_path/Frameworks";
				NEW_SETTING1 = "";
				PRODUCT_BUNDLE_IDENTIFIER = com.leslie.STTest;
				PRODUCT_NAME = "$(TARGET_NAME)";
				TARGETED_DEVICE_FAMILY = "1,2";
			};
			name = Release;
		};
/* End XCBuildConfiguration section */

/* Begin XCConfigurationList section */
		D8E2B9C81FD5399500CC1758 /* Build configuration list for PBXProject "STTest" */ = {
			isa = XCConfigurationList;
			buildConfigurations = (
				D8E2B9E11FD5399500CC1758 /* Debug */,
				D8E2B9E21FD5399500CC1758 /* Release */,
			);
			defaultConfigurationIsVisible = 0;
			defaultConfigurationName = Release;
		};
		D8E2B9E31FD5399500CC1758 /* Build configuration list for PBXNativeTarget "STTest" */ = {
			isa = XCConfigurationList;
			buildConfigurations = (
				D8E2B9E41FD5399500CC1758 /* Debug */,
				D8E2B9E51FD5399500CC1758 /* Release */,
			);
			defaultConfigurationIsVisible = 0;
			defaultConfigurationName = Release;
		};
/* End XCConfigurationList section */
	};
	rootObject = D8E2B9C51FD5399400CC1758 /* Project object */;
}
